version = 1
revision = 3
requires-python = "==3.9.*"

[[package]]
name = "bidict"
version = "0.21.3"
source = { registry = "https://pypi.org/simple" }
sdist = { url = "https://files.pythonhosted.org/packages/3f/81/7221b28d692af5c5fc180c4850b8e4a48c7db92b3d529b430488f67db74f/bidict-0.21.3.tar.gz", hash = "sha256:d50bd81fae75e34198ffc94979a0eb0939ff9adb3ef32bcc93a913d8b3e3ed1d", size = 406100, upload-time = "2021-09-05T15:33:12.105Z" }
wheels = [
    { url = "https://files.pythonhosted.org/packages/f2/14/4b84e724b01f87625a645c30ff5b3f2e2877e86b792a1eb680b948e13a7b/bidict-0.21.3-py3-none-any.whl", hash = "sha256:2cce0d01eb3db9b3fa85db501c00aaa3389ee4cab7ef82178604552dfa943a1b", size = 36406, upload-time = "2021-09-05T15:33:10.353Z" },
]

[[package]]
name = "branch-and-price-gurobi"
version = "0.1.0"
source = { virtual = "." }
dependencies = [
    { name = "bidict" },
    { name = "gurobipy" },
    { name = "matplotlib" },
    { name = "networkx" },
    { name = "numpy" },
]

[package.metadata]
requires-dist = [
    { name = "bidict", specifier = "==0.21.3" },
    { name = "gurobipy", specifier = "==9.1.2" },
    { name = "matplotlib", specifier = "==3.4.3" },
    { name = "networkx", specifier = "==2.6.3" },
    { name = "numpy", specifier = "==1.21.2" },
]

[[package]]
name = "cycler"
version = "0.12.1"
source = { registry = "https://pypi.org/simple" }
sdist = { url = "https://files.pythonhosted.org/packages/a9/95/a3dbbb5028f35eafb79008e7522a75244477d2838f38cbb722248dabc2a8/cycler-0.12.1.tar.gz", hash = "sha256:88bb128f02ba341da8ef447245a9e138fae777f6a23943da4540077d3601eb1c", size = 7615, upload-time = "2023-10-07T05:32:18.335Z" }
wheels = [
    { url = "https://files.pythonhosted.org/packages/e7/05/c19819d5e3d95294a6f5947fb9b9629efb316b96de511b418c53d245aae6/cycler-0.12.1-py3-none-any.whl", hash = "sha256:85cef7cff222d8644161529808465972e51340599459b8ac3ccbac5a854e0d30", size = 8321, upload-time = "2023-10-07T05:32:16.783Z" },
]

[[package]]
name = "gurobipy"
version = "9.1.2"
source = { registry = "https://pypi.org/simple" }
wheels = [
    { url = "https://files.pythonhosted.org/packages/72/d8/2533d3ffeb7f86cd166b7953076a5449957caeb25381508d856154440277/gurobipy-9.1.2-cp39-cp39-macosx_10_11_x86_64.whl", hash = "sha256:99db82d636a910c01feb90dafd6047ad489ab1cec8be7875764f2140bcd3e9eb", size = 4431157, upload-time = "2021-04-21T11:31:35.875Z" },
    { url = "https://files.pythonhosted.org/packages/87/87/1c936fc7fadf52648be17793592882a65186b48820714c2785829f210f68/gurobipy-9.1.2-cp39-cp39-macosx_10_9_universal2.whl", hash = "sha256:8c9b4af10e936c9bf2ae128bc65a09d52728e0b8a150addadcbf15392ec4a7e4", size = 8096060, upload-time = "2021-04-21T11:31:37.949Z" },
    { url = "https://files.pythonhosted.org/packages/8f/81/7c0fcd5d676ea552ba2ae9898453c700d8c815fdfcfb9bc065f4a777ec6a/gurobipy-9.1.2-cp39-cp39-manylinux1_x86_64.whl", hash = "sha256:b207e85954e8ffc59a8cefe3531c6cf7e230cd778ed08b9c6f625a25acb267d8", size = 11037191, upload-time = "2021-04-21T11:31:41.371Z" },
    { url = "https://files.pythonhosted.org/packages/74/1c/91af1f4d73f07cab092ccc3f333ceda9563f1b5935808ba5330616034cc1/gurobipy-9.1.2-cp39-cp39-win_amd64.whl", hash = "sha256:264a154baafee64913dc814bf057a5a542b6f8d90dbf4a0ab5f69a55acc105a0", size = 8578201, upload-time = "2021-04-21T11:31:43.914Z" },
]

[[package]]
name = "kiwisolver"
version = "1.4.7"
source = { registry = "https://pypi.org/simple" }
sdist = { url = "https://files.pythonhosted.org/packages/85/4d/2255e1c76304cbd60b48cee302b66d1dde4468dc5b1160e4b7cb43778f2a/kiwisolver-1.4.7.tar.gz", hash = "sha256:9893ff81bd7107f7b685d3017cc6583daadb4fc26e4a888350df530e41980a60", size = 97286, upload-time = "2024-09-04T09:39:44.302Z" }
wheels = [
    { url = "https://files.pythonhosted.org/packages/11/88/37ea0ea64512997b13d69772db8dcdc3bfca5442cda3a5e4bb943652ee3e/kiwisolver-1.4.7-cp39-cp39-macosx_10_9_universal2.whl", hash = "sha256:3f9362ecfca44c863569d3d3c033dbe8ba452ff8eed6f6b5806382741a1334bd", size = 122449, upload-time = "2024-09-04T09:05:55.311Z" },
    { url = "https://files.pythonhosted.org/packages/4e/45/5a5c46078362cb3882dcacad687c503089263c017ca1241e0483857791eb/kiwisolver-1.4.7-cp39-cp39-macosx_10_9_x86_64.whl", hash = "sha256:e8df2eb9b2bac43ef8b082e06f750350fbbaf2887534a5be97f6cf07b19d9583", size = 65757, upload-time = "2024-09-04T09:05:56.906Z" },
    { url = "https://files.pythonhosted.org/packages/8a/be/a6ae58978772f685d48dd2e84460937761c53c4bbd84e42b0336473d9775/kiwisolver-1.4.7-cp39-cp39-macosx_11_0_arm64.whl", hash = "sha256:f32d6edbc638cde7652bd690c3e728b25332acbadd7cad670cc4a02558d9c417", size = 64312, upload-time = "2024-09-04T09:05:58.384Z" },
    { url = "https://files.pythonhosted.org/packages/f4/04/18ef6f452d311e1e1eb180c9bf5589187fa1f042db877e6fe443ef10099c/kiwisolver-1.4.7-cp39-cp39-manylinux_2_12_i686.manylinux2010_i686.whl", hash = "sha256:e2e6c39bd7b9372b0be21456caab138e8e69cc0fc1190a9dfa92bd45a1e6e904", size = 1626966, upload-time = "2024-09-04T09:05:59.855Z" },
    { url = "https://files.pythonhosted.org/packages/21/b1/40655f6c3fa11ce740e8a964fa8e4c0479c87d6a7944b95af799c7a55dfe/kiwisolver-1.4.7-cp39-cp39-manylinux_2_12_x86_64.manylinux2010_x86_64.whl", hash = "sha256:dda56c24d869b1193fcc763f1284b9126550eaf84b88bbc7256e15028f19188a", size = 1607044, upload-time = "2024-09-04T09:06:02.16Z" },
    { url = "https://files.pythonhosted.org/packages/fd/93/af67dbcfb9b3323bbd2c2db1385a7139d8f77630e4a37bb945b57188eb2d/kiwisolver-1.4.7-cp39-cp39-manylinux_2_17_aarch64.manylinux2014_aarch64.whl", hash = "sha256:79849239c39b5e1fd906556c474d9b0439ea6792b637511f3fe3a41158d89ca8", size = 1391879, upload-time = "2024-09-04T09:06:03.908Z" },
    { url = "https://files.pythonhosted.org/packages/40/6f/d60770ef98e77b365d96061d090c0cd9e23418121c55fff188fa4bdf0b54/kiwisolver-1.4.7-cp39-cp39-manylinux_2_17_ppc64le.manylinux2014_ppc64le.whl", hash = "sha256:5e3bc157fed2a4c02ec468de4ecd12a6e22818d4f09cde2c31ee3226ffbefab2", size = 1504751, upload-time = "2024-09-04T09:06:05.58Z" },
    { url = "https://files.pythonhosted.org/packages/fa/3a/5f38667d313e983c432f3fcd86932177519ed8790c724e07d77d1de0188a/kiwisolver-1.4.7-cp39-cp39-manylinux_2_17_s390x.manylinux2014_s390x.whl", hash = "sha256:3da53da805b71e41053dc670f9a820d1157aae77b6b944e08024d17bcd51ef88", size = 1436990, upload-time = "2024-09-04T09:06:08.126Z" },
    { url = "https://files.pythonhosted.org/packages/cb/3b/1520301a47326e6a6043b502647e42892be33b3f051e9791cc8bb43f1a32/kiwisolver-1.4.7-cp39-cp39-musllinux_1_2_aarch64.whl", hash = "sha256:8705f17dfeb43139a692298cb6637ee2e59c0194538153e83e9ee0c75c2eddde", size = 2191122, upload-time = "2024-09-04T09:06:10.345Z" },
    { url = "https://files.pythonhosted.org/packages/cf/c4/eb52da300c166239a2233f1f9c4a1b767dfab98fae27681bfb7ea4873cb6/kiwisolver-1.4.7-cp39-cp39-musllinux_1_2_i686.whl", hash = "sha256:82a5c2f4b87c26bb1a0ef3d16b5c4753434633b83d365cc0ddf2770c93829e3c", size = 2338126, upload-time = "2024-09-04T09:06:12.321Z" },
    { url = "https://files.pythonhosted.org/packages/1a/cb/42b92fd5eadd708dd9107c089e817945500685f3437ce1fd387efebc6d6e/kiwisolver-1.4.7-cp39-cp39-musllinux_1_2_ppc64le.whl", hash = "sha256:ce8be0466f4c0d585cdb6c1e2ed07232221df101a4c6f28821d2aa754ca2d9e2", size = 2298313, upload-time = "2024-09-04T09:06:14.562Z" },
    { url = "https://files.pythonhosted.org/packages/4f/eb/be25aa791fe5fc75a8b1e0c965e00f942496bc04635c9aae8035f6b76dcd/kiwisolver-1.4.7-cp39-cp39-musllinux_1_2_s390x.whl", hash = "sha256:409afdfe1e2e90e6ee7fc896f3df9a7fec8e793e58bfa0d052c8a82f99c37abb", size = 2437784, upload-time = "2024-09-04T09:06:16.767Z" },
    { url = "https://files.pythonhosted.org/packages/c5/22/30a66be7f3368d76ff95689e1c2e28d382383952964ab15330a15d8bfd03/kiwisolver-1.4.7-cp39-cp39-musllinux_1_2_x86_64.whl", hash = "sha256:5b9c3f4ee0b9a439d2415012bd1b1cc2df59e4d6a9939f4d669241d30b414327", size = 2253988, upload-time = "2024-09-04T09:06:18.705Z" },
    { url = "https://files.pythonhosted.org/packages/35/d3/5f2ecb94b5211c8a04f218a76133cc8d6d153b0f9cd0b45fad79907f0689/kiwisolver-1.4.7-cp39-cp39-win32.whl", hash = "sha256:a79ae34384df2b615eefca647a2873842ac3b596418032bef9a7283675962644", size = 46980, upload-time = "2024-09-04T09:06:20.106Z" },
    { url = "https://files.pythonhosted.org/packages/ef/17/cd10d020578764ea91740204edc6b3236ed8106228a46f568d716b11feb2/kiwisolver-1.4.7-cp39-cp39-win_amd64.whl", hash = "sha256:cf0438b42121a66a3a667de17e779330fc0f20b0d97d59d2f2121e182b0505e4", size = 55847, upload-time = "2024-09-04T09:06:21.407Z" },
    { url = "https://files.pythonhosted.org/packages/91/84/32232502020bd78d1d12be7afde15811c64a95ed1f606c10456db4e4c3ac/kiwisolver-1.4.7-cp39-cp39-win_arm64.whl", hash = "sha256:764202cc7e70f767dab49e8df52c7455e8de0df5d858fa801a11aa0d882ccf3f", size = 48494, upload-time = "2024-09-04T09:06:22.648Z" },
    { url = "https://files.pythonhosted.org/packages/d5/df/ce37d9b26f07ab90880923c94d12a6ff4d27447096b4c849bfc4339ccfdf/kiwisolver-1.4.7-pp39-pypy39_pp73-macosx_10_15_x86_64.whl", hash = "sha256:8b01aac285f91ca889c800042c35ad3b239e704b150cfd3382adfc9dcc780e39", size = 58666, upload-time = "2024-09-04T09:06:43.756Z" },
    { url = "https://files.pythonhosted.org/packages/b0/d3/e4b04f43bc629ac8e186b77b2b1a251cdfa5b7610fa189dc0db622672ce6/kiwisolver-1.4.7-pp39-pypy39_pp73-macosx_11_0_arm64.whl", hash = "sha256:48be928f59a1f5c8207154f935334d374e79f2b5d212826307d072595ad76a2e", size = 57088, upload-time = "2024-09-04T09:06:45.406Z" },
    { url = "https://files.pythonhosted.org/packages/30/1c/752df58e2d339e670a535514d2db4fe8c842ce459776b8080fbe08ebb98e/kiwisolver-1.4.7-pp39-pypy39_pp73-manylinux_2_12_i686.manylinux2010_i686.manylinux_2_17_i686.manylinux2014_i686.whl", hash = "sha256:f37cfe618a117e50d8c240555331160d73d0411422b59b5ee217843d7b693608", size = 84321, upload-time = "2024-09-04T09:06:47.557Z" },
    { url = "https://files.pythonhosted.org/packages/f0/f8/fe6484e847bc6e238ec9f9828089fb2c0bb53f2f5f3a79351fde5b565e4f/kiwisolver-1.4.7-pp39-pypy39_pp73-manylinux_2_17_aarch64.manylinux2014_aarch64.whl", hash = "sha256:599b5c873c63a1f6ed7eead644a8a380cfbdf5db91dcb6f85707aaab213b1674", size = 80776, upload-time = "2024-09-04T09:06:49.235Z" },
    { url = "https://files.pythonhosted.org/packages/9b/57/d7163c0379f250ef763aba85330a19feefb5ce6cb541ade853aaba881524/kiwisolver-1.4.7-pp39-pypy39_pp73-manylinux_2_17_x86_64.manylinux2014_x86_64.whl", hash = "sha256:801fa7802e5cfabe3ab0c81a34c323a319b097dfb5004be950482d882f3d7225", size = 79984, upload-time = "2024-09-04T09:06:51.336Z" },
    { url = "https://files.pythonhosted.org/packages/8c/95/4a103776c265d13b3d2cd24fb0494d4e04ea435a8ef97e1b2c026d43250b/kiwisolver-1.4.7-pp39-pypy39_pp73-win_amd64.whl", hash = "sha256:0c6c43471bc764fad4bc99c5c2d6d16a676b1abf844ca7c8702bdae92df01ee0", size = 55811, upload-time = "2024-09-04T09:06:53.078Z" },
]

[[package]]
name = "matplotlib"
version = "3.4.3"
source = { registry = "https://pypi.org/simple" }
dependencies = [
    { name = "cycler" },
    { name = "kiwisolver" },
    { name = "numpy" },
    { name = "pillow" },
    { name = "pyparsing" },
    { name = "python-dateutil" },
]
sdist = { url = "https://files.pythonhosted.org/packages/21/37/197e68df384ff694f78d687a49ad39f96c67b8d75718bc61503e1676b617/matplotlib-3.4.3.tar.gz", hash = "sha256:fc4f526dfdb31c9bd6b8ca06bf9fab663ca12f3ec9cdf4496fb44bc680140318", size = 37850796, upload-time = "2021-08-13T03:23:01.922Z" }
wheels = [
    { url = "https://files.pythonhosted.org/packages/10/29/541b43a73a0f82517c481e0f1568423d88be6108956737f79e7ef97192fc/matplotlib-3.4.3-cp39-cp39-macosx_10_9_x86_64.whl", hash = "sha256:b8b53f336a4688cfce615887505d7e41fd79b3594bf21dd300531a4f5b4f746a", size = 7167594, upload-time = "2021-08-13T03:24:28.921Z" },
    { url = "https://files.pythonhosted.org/packages/14/db/8a4554755c9d5452b33edc846d250f58ab5a16b0c38308559d66ab3a65d0/matplotlib-3.4.3-cp39-cp39-manylinux1_i686.whl", hash = "sha256:fcd6f1954943c0c192bfbebbac263f839d7055409f1173f80d8b11a224d236da", size = 10017124, upload-time = "2021-08-13T03:24:32.034Z" },
    { url = "https://files.pythonhosted.org/packages/d0/c6/cca253a56088f330153276d71ffbfccabed9bd59d0c254e6b77aacf9d801/matplotlib-3.4.3-cp39-cp39-manylinux1_x86_64.whl", hash = "sha256:6be8df61b1626e1a142c57e065405e869e9429b4a6dab4a324757d0dc4d42235", size = 10294938, upload-time = "2021-08-13T03:24:34.598Z" },
    { url = "https://files.pythonhosted.org/packages/e8/78/28effe659ec8947f0745b2a94c2dbffbaa64e5f90f01c584a5598d609957/matplotlib-3.4.3-cp39-cp39-manylinux2014_aarch64.whl", hash = "sha256:41b6e307458988891fcdea2d8ecf84a8c92d53f84190aa32da65f9505546e684", size = 8974055, upload-time = "2021-08-13T03:24:37.156Z" },
    { url = "https://files.pythonhosted.org/packages/3d/65/7dffec281f45fdd117833b94f239b8216475bdba1933fc3cba8f1f14237f/matplotlib-3.4.3-cp39-cp39-win32.whl", hash = "sha256:f72657f1596199dc1e4e7a10f52a4784ead8a711f4e5b59bea95bdb97cf0e4fd", size = 7002223, upload-time = "2021-08-13T03:24:39.632Z" },
    { url = "https://files.pythonhosted.org/packages/59/ea/1c00d9278c51d5f03276ac3f08773a13d93cbf2d722386ae8da083866697/matplotlib-3.4.3-cp39-cp39-win_amd64.whl", hash = "sha256:f15edcb0629a0801738925fe27070480f446fcaa15de65946ff946ad99a59a40", size = 7148358, upload-time = "2021-08-13T03:24:41.973Z" },
]

[[package]]
name = "networkx"
version = "2.6.3"
source = { registry = "https://pypi.org/simple" }
sdist = { url = "https://files.pythonhosted.org/packages/97/ae/7497bc5e1c84af95e585e3f98585c9f06c627fac6340984c4243053e8f44/networkx-2.6.3.tar.gz", hash = "sha256:c0946ed31d71f1b732b5aaa6da5a0388a345019af232ce2f49c766e2d6795c51", size = 1844862, upload-time = "2021-09-09T22:09:42.029Z" }
wheels = [
    { url = "https://files.pythonhosted.org/packages/e9/93/aa6613aa70d6eb4868e667068b5a11feca9645498fd31b954b6c4bb82fa5/networkx-2.6.3-py3-none-any.whl", hash = "sha256:80b6b89c77d1dfb64a4c7854981b60aeea6360ac02c6d4e4913319e0a313abef", size = 1927288, upload-time = "2021-09-09T22:09:39.016Z" },
]

[[package]]
name = "numpy"
version = "1.21.2"
source = { registry = "https://pypi.org/simple" }
sdist = { url = "https://files.pythonhosted.org/packages/3a/be/650f9c091ef71cb01d735775d554e068752d3ff63d7943b26316dc401749/numpy-1.21.2.zip", hash = "sha256:423216d8afc5923b15df86037c6053bf030d15cc9e3224206ef868c2d63dd6dc", size = 10264801, upload-time = "2021-08-15T20:18:17.385Z" }
wheels = [
    { url = "https://files.pythonhosted.org/packages/cf/96/4a0eed13a185da6f7e48f76739de86c21661fe6c2738f4630a628d5dcbcf/numpy-1.21.2-cp39-cp39-macosx_10_9_universal2.whl", hash = "sha256:dd0e3651d210068d13e18503d75aaa45656eef51ef0b261f891788589db2cc38", size = 27201468, upload-time = "2021-08-15T20:14:52.768Z" },
    { url = "https://files.pythonhosted.org/packages/24/ad/b1fc85dda2d40af2b28c70f741df80ee0e243502b61b33baf7fa150760f8/numpy-1.21.2-cp39-cp39-macosx_10_9_x86_64.whl", hash = "sha256:92a0ab128b07799dd5b9077a9af075a63467d03ebac6f8a93e6440abfea4120d", size = 16963889, upload-time = "2021-08-15T20:15:18.397Z" },
    { url = "https://files.pythonhosted.org/packages/e8/66/380373a412dda1f321773b3872dd0d1fcb4ceac7b8c62baf436a31ce4638/numpy-1.21.2-cp39-cp39-macosx_11_0_arm64.whl", hash = "sha256:fde50062d67d805bc96f1a9ecc0d37bfc2a8f02b937d2c50824d186aa91f2419", size = 12362487, upload-time = "2021-08-15T20:15:37.155Z" },
    { url = "https://files.pythonhosted.org/packages/fe/78/3a18a4a8a24a3fa5ca34ff3b0e855c19503dc6fb625b75a83bc17e4817e3/numpy-1.21.2-cp39-cp39-manylinux_2_12_i686.manylinux2010_i686.whl", hash = "sha256:640c1ccfd56724f2955c237b6ccce2e5b8607c3bc1cc51d3933b8c48d1da3723", size = 13755374, upload-time = "2021-08-15T20:15:58.267Z" },
    { url = "https://files.pythonhosted.org/packages/7a/4c/dd00ce768b0f0f7de5c486cbd9f5b922bc3af2f3a5da30121d7f7dc03130/numpy-1.21.2-cp39-cp39-manylinux_2_12_x86_64.manylinux2010_x86_64.whl", hash = "sha256:5de64950137f3a50b76ce93556db392e8f1f954c2d8207f78a92d1f79aa9f737", size = 15770685, upload-time = "2021-08-15T20:16:21.747Z" },
    { url = "https://files.pythonhosted.org/packages/01/c5/3ac36428af637b48236a389aca0e39896dd66477d759f6831a593d56d248/numpy-1.21.2-cp39-cp39-manylinux_2_17_aarch64.manylinux2014_aarch64.whl", hash = "sha256:b342064e647d099ca765f19672696ad50c953cac95b566af1492fd142283580f", size = 13058892, upload-time = "2021-08-15T20:16:41.61Z" },
    { url = "https://files.pythonhosted.org/packages/a8/c5/cd1d947f68d7ec6ecdd5fbf651d7b0123a8b403b0b919f537b230ccd8582/numpy-1.21.2-cp39-cp39-win32.whl", hash = "sha256:30fc68307c0155d2a75ad19844224be0f2c6f06572d958db4e2053f816b859ad", size = 11695210, upload-time = "2021-08-15T20:16:59.362Z" },
    { url = "https://files.pythonhosted.org/packages/01/d9/6e5f6cbd9d1fc90c6c8d96e70754700ed6f93f90f321f887a3f26bf65715/numpy-1.21.2-cp39-cp39-win_amd64.whl", hash = "sha256:b5e8590b9245803c849e09bae070a8e1ff444f45e3f0bed558dd722119eea724", size = 14012636, upload-time = "2021-08-15T20:17:20.396Z" },
]

[[package]]
name = "pillow"
version = "11.3.0"
source = { registry = "https://pypi.org/simple" }
sdist = { url = "https://files.pythonhosted.org/packages/f3/0d/d0d6dea55cd152ce3d6767bb38a8fc10e33796ba4ba210cbab9354b6d238/pillow-11.3.0.tar.gz", hash = "sha256:3828ee7586cd0b2091b6209e5ad53e20d0649bbe87164a459d0676e035e8f523", size = 47113069, upload-time = "2025-07-01T09:16:30.666Z" }
wheels = [
    { url = "https://files.pythonhosted.org/packages/9e/8e/9c089f01677d1264ab8648352dcb7773f37da6ad002542760c80107da816/pillow-11.3.0-cp39-cp39-macosx_10_10_x86_64.whl", hash = "sha256:48d254f8a4c776de343051023eb61ffe818299eeac478da55227d96e241de53f", size = 5316478, upload-time = "2025-07-01T09:15:52.209Z" },
    { url = "https://files.pythonhosted.org/packages/b5/a9/5749930caf674695867eb56a581e78eb5f524b7583ff10b01b6e5048acb3/pillow-11.3.0-cp39-cp39-macosx_11_0_arm64.whl", hash = "sha256:7aee118e30a4cf54fdd873bd3a29de51e29105ab11f9aad8c32123f58c8f8081", size = 4686522, upload-time = "2025-07-01T09:15:54.162Z" },
    { url = "https://files.pythonhosted.org/packages/43/46/0b85b763eb292b691030795f9f6bb6fcaf8948c39413c81696a01c3577f7/pillow-11.3.0-cp39-cp39-manylinux2014_aarch64.manylinux_2_17_aarch64.whl", hash = "sha256:23cff760a9049c502721bdb743a7cb3e03365fafcdfc2ef9784610714166e5a4", size = 5853376, upload-time = "2025-07-03T13:11:01.066Z" },
    { url = "https://files.pythonhosted.org/packages/5e/c6/1a230ec0067243cbd60bc2dad5dc3ab46a8a41e21c15f5c9b52b26873069/pillow-11.3.0-cp39-cp39-manylinux2014_x86_64.manylinux_2_17_x86_64.whl", hash = "sha256:6359a3bc43f57d5b375d1ad54a0074318a0844d11b76abccf478c37c986d3cfc", size = 7626020, upload-time = "2025-07-03T13:11:06.479Z" },
    { url = "https://files.pythonhosted.org/packages/63/dd/f296c27ffba447bfad76c6a0c44c1ea97a90cb9472b9304c94a732e8dbfb/pillow-11.3.0-cp39-cp39-manylinux_2_27_aarch64.manylinux_2_28_aarch64.whl", hash = "sha256:092c80c76635f5ecb10f3f83d76716165c96f5229addbd1ec2bdbbda7d496e06", size = 5956732, upload-time = "2025-07-01T09:15:56.111Z" },
    { url = "https://files.pythonhosted.org/packages/a5/a0/98a3630f0b57f77bae67716562513d3032ae70414fcaf02750279c389a9e/pillow-11.3.0-cp39-cp39-manylinux_2_27_x86_64.manylinux_2_28_x86_64.whl", hash = "sha256:cadc9e0ea0a2431124cde7e1697106471fc4c1da01530e679b2391c37d3fbb3a", size = 6624404, upload-time = "2025-07-01T09:15:58.245Z" },
    { url = "https://files.pythonhosted.org/packages/de/e6/83dfba5646a290edd9a21964da07674409e410579c341fc5b8f7abd81620/pillow-11.3.0-cp39-cp39-musllinux_1_2_aarch64.whl", hash = "sha256:6a418691000f2a418c9135a7cf0d797c1bb7d9a485e61fe8e7722845b95ef978", size = 6067760, upload-time = "2025-07-01T09:16:00.003Z" },
    { url = "https://files.pythonhosted.org/packages/bc/41/15ab268fe6ee9a2bc7391e2bbb20a98d3974304ab1a406a992dcb297a370/pillow-11.3.0-cp39-cp39-musllinux_1_2_x86_64.whl", hash = "sha256:97afb3a00b65cc0804d1c7abddbf090a81eaac02768af58cbdcaaa0a931e0b6d", size = 6700534, upload-time = "2025-07-01T09:16:02.29Z" },
    { url = "https://files.pythonhosted.org/packages/64/79/6d4f638b288300bed727ff29f2a3cb63db054b33518a95f27724915e3fbc/pillow-11.3.0-cp39-cp39-win32.whl", hash = "sha256:ea944117a7974ae78059fcc1800e5d3295172bb97035c0c1d9345fca1419da71", size = 6277091, upload-time = "2025-07-01T09:16:04.4Z" },
    { url = "https://files.pythonhosted.org/packages/46/05/4106422f45a05716fd34ed21763f8ec182e8ea00af6e9cb05b93a247361a/pillow-11.3.0-cp39-cp39-win_amd64.whl", hash = "sha256:e5c5858ad8ec655450a7c7df532e9842cf8df7cc349df7225c60d5d348c8aada", size = 6986091, upload-time = "2025-07-01T09:16:06.342Z" },
    { url = "https://files.pythonhosted.org/packages/63/c6/287fd55c2c12761d0591549d48885187579b7c257bef0c6660755b0b59ae/pillow-11.3.0-cp39-cp39-win_arm64.whl", hash = "sha256:6abdbfd3aea42be05702a8dd98832329c167ee84400a1d1f61ab11437f1717eb", size = 2422632, upload-time = "2025-07-01T09:16:08.142Z" },
]

[[package]]
name = "pyparsing"
version = "3.2.4"
source = { registry = "https://pypi.org/simple" }
sdist = { url = "https://files.pythonhosted.org/packages/98/c9/b4594e6a81371dfa9eb7a2c110ad682acf985d96115ae8b25a1d63b4bf3b/pyparsing-3.2.4.tar.gz", hash = "sha256:fff89494f45559d0f2ce46613b419f632bbb6afbdaed49696d322bcf98a58e99", size = 1098809, upload-time = "2025-09-13T05:47:19.732Z" }
wheels = [
    { url = "https://files.pythonhosted.org/packages/53/b8/fbab973592e23ae313042d450fc26fa24282ebffba21ba373786e1ce63b4/pyparsing-3.2.4-py3-none-any.whl", hash = "sha256:91d0fcde680d42cd031daf3a6ba20da3107e08a75de50da58360e7d94ab24d36", size = 113869, upload-time = "2025-09-13T05:47:17.863Z" },
]

[[package]]
name = "python-dateutil"
version = "2.9.0.post0"
source = { registry = "https://pypi.org/simple" }
dependencies = [
    { name = "six" },
]
sdist = { url = "https://files.pythonhosted.org/packages/66/c0/0c8b6ad9f17a802ee498c46e004a0eb49bc148f2fd230864601a86dcf6db/python-dateutil-2.9.0.post0.tar.gz", hash = "sha256:37dd54208da7e1cd875388217d5e00ebd4179249f90fb72437e91a35459a0ad3", size = 342432, upload-time = "2024-03-01T18:36:20.211Z" }
wheels = [
    { url = "https://files.pythonhosted.org/packages/ec/57/56b9bcc3c9c6a792fcbaf139543cee77261f3651ca9da0c93f5c1221264b/python_dateutil-2.9.0.post0-py2.py3-none-any.whl", hash = "sha256:a8b2bc7bffae282281c8140a97d3aa9c14da0b136dfe83f850eea9a5f7470427", size = 229892, upload-time = "2024-03-01T18:36:18.57Z" },
]

[[package]]
name = "six"
version = "1.17.0"
source = { registry = "https://pypi.org/simple" }
sdist = { url = "https://files.pythonhosted.org/packages/94/e7/b2c673351809dca68a0e064b6af791aa332cf192da575fd474ed7d6f16a2/six-1.17.0.tar.gz", hash = "sha256:ff70335d468e7eb6ec65b95b99d3a2836546063f63acc5171de367e834932a81", size = 34031, upload-time = "2024-12-04T17:35:28.174Z" }
wheels = [
    { url = "https://files.pythonhosted.org/packages/b7/ce/149a00dd41f10bc29e5921b496af8b574d8413afcd5e30dfa0ed46c2cc5e/six-1.17.0-py2.py3-none-any.whl", hash = "sha256:4721f391ed90541fddacab5acf947aa0d3dc7d27b2e1e8eda2be8970586c3274", size = 11050, upload-time = "2024-12-04T17:35:26.475Z" },
]
